<?xml version="1.0" encoding="utf-8"?>
<Project ToolsVersion="4.0" xmlns="http://schemas.microsoft.com/developer/msbuild/2003">
  <ItemGroup>
    <ClInclude Include="helpers.h" />
    <ClInclude Include="MessageInfo.h" />
    <ClInclude Include="Messages.h" />
    <ClInclude Include="Structures.h" />
    <ClInclude Include="MessageManager.h" />
    <ClInclude Include="Server.h" />
    <ClInclude Include="Client.h" />
    <ClInclude Include="WinSocket.h" />
    <ClInclude Include="Socket.h" />
  </ItemGroup>
  <ItemGroup>
    <ClCompile Include="dllmain.cpp" />
    <ClCompile Include="MessageInfo.cpp" />
    <ClCompile Include="Messages.cpp" />
    <ClCompile Include="MessageManager.cpp" />
    <ClCompile Include="Mod.cpp" />
    <ClCompile Include="Server.cpp" />
    <ClCompile Include="Client.cpp" />
    <ClCompile Include="WinSocket.cpp" />
    <ClCompile Include="Socket.cpp" />
  </ItemGroup>
</Project>